
Microsoft Visual Studio Solution File, Format Version 12.00
# Visual Studio Version 17
VisualStudioVersion = 17.3.32929.385
MinimumVisualStudioVersion = 10.0.40219.1
Project("{9A19103F-16F7-4668-BE54-9A1E7A4F7556}") = "DataAccess", "DataAccess\DataAccess.csproj", "{F46832CF-5952-4960-95B9-2854437A8D25}"
EndProject
Project("{9A19103F-16F7-4668-BE54-9A1E7A4F7556}") = "Entities", "Entities\Entities.csproj", "{300C2A02-1C56-4973-AA64-EB141712DC04}"
EndProject
Project("{9A19103F-16F7-4668-BE54-9A1E7A4F7556}") = "Core", "Core\Core.csproj", "{ABBC420F-F454-4681-AB61-A5D55C9747DE}"
EndProject
Project("{9A19103F-16F7-4668-BE54-9A1E7A4F7556}") = "Business", "Business\Business.csproj", "{AE99223E-3A02-4CD5-A147-3D3C0E44FC38}"
EndProject
Project("{9A19103F-16F7-4668-BE54-9A1E7A4F7556}") = "ConsoleUI", "ConsoleUI\ConsoleUI.csproj", "{C4F287BA-79DC-41AF-8FCE-D2CC1B4C0983}"
EndProject
Project("{FAE04EC0-301F-11D3-BF4B-00C04F79EFBC}") = "WebAPI", "WebAPI\WebAPI.csproj", "{AC31E506-C27C-4A3F-BF31-58BAAAA23907}"
EndProject
Global
	GlobalSection(SolutionConfigurationPlatforms) = preSolution
		Debug|Any CPU = Debug|Any CPU
		Release|Any CPU = Release|Any CPU
	EndGlobalSection
	GlobalSection(ProjectConfigurationPlatforms) = postSolution
		{F46832CF-5952-4960-95B9-2854437A8D25}.Debug|Any CPU.ActiveCfg = Debug|Any CPU
		{F46832CF-5952-4960-95B9-2854437A8D25}.Debug|Any CPU.Build.0 = Debug|Any CPU
		{F46832CF-5952-4960-95B9-2854437A8D25}.Release|Any CPU.ActiveCfg = Release|Any CPU
		{F46832CF-5952-4960-95B9-2854437A8D25}.Release|Any CPU.Build.0 = Release|Any CPU
		{300C2A02-1C56-4973-AA64-EB141712DC04}.Debug|Any CPU.ActiveCfg = Debug|Any CPU
		{300C2A02-1C56-4973-AA64-EB141712DC04}.Debug|Any CPU.Build.0 = Debug|Any CPU
		{300C2A02-1C56-4973-AA64-EB141712DC04}.Release|Any CPU.ActiveCfg = Release|Any CPU
		{300C2A02-1C56-4973-AA64-EB141712DC04}.Release|Any CPU.Build.0 = Release|Any CPU
		{ABBC420F-F454-4681-AB61-A5D55C9747DE}.Debug|Any CPU.ActiveCfg = Debug|Any CPU
		{ABBC420F-F454-4681-AB61-A5D55C9747DE}.Debug|Any CPU.Build.0 = Debug|Any CPU
		{ABBC420F-F454-4681-AB61-A5D55C9747DE}.Release|Any CPU.ActiveCfg = Release|Any CPU
		{ABBC420F-F454-4681-AB61-A5D55C9747DE}.Release|Any CPU.Build.0 = Release|Any CPU
		{AE99223E-3A02-4CD5-A147-3D3C0E44FC38}.Debug|Any CPU.ActiveCfg = Debug|Any CPU
		{AE99223E-3A02-4CD5-A147-3D3C0E44FC38}.Debug|Any CPU.Build.0 = Debug|Any CPU
		{AE99223E-3A02-4CD5-A147-3D3C0E44FC38}.Release|Any CPU.ActiveCfg = Release|Any CPU
		{AE99223E-3A02-4CD5-A147-3D3C0E44FC38}.Release|Any CPU.Build.0 = Release|Any CPU
		{C4F287BA-79DC-41AF-8FCE-D2CC1B4C0983}.Debug|Any CPU.ActiveCfg = Debug|Any CPU
		{C4F287BA-79DC-41AF-8FCE-D2CC1B4C0983}.Debug|Any CPU.Build.0 = Debug|Any CPU
		{C4F287BA-79DC-41AF-8FCE-D2CC1B4C0983}.Release|Any CPU.ActiveCfg = Release|Any CPU
		{C4F287BA-79DC-41AF-8FCE-D2CC1B4C0983}.Release|Any CPU.Build.0 = Release|Any CPU
		{AC31E506-C27C-4A3F-BF31-58BAAAA23907}.Debug|Any CPU.ActiveCfg = Debug|Any CPU
		{AC31E506-C27C-4A3F-BF31-58BAAAA23907}.Debug|Any CPU.Build.0 = Debug|Any CPU
		{AC31E506-C27C-4A3F-BF31-58BAAAA23907}.Release|Any CPU.ActiveCfg = Release|Any CPU
		{AC31E506-C27C-4A3F-BF31-58BAAAA23907}.Release|Any CPU.Build.0 = Release|Any CPU
	EndGlobalSection
	GlobalSection(SolutionProperties) = preSolution
		HideSolutionNode = FALSE
	EndGlobalSection
	GlobalSection(ExtensibilityGlobals) = postSolution
		SolutionGuid = {CD49CDB6-CBE6-4C81-BE70-9121050AD07D}
	EndGlobalSection
EndGlobal
